
Microsoft Visual Studio Solution File, Format Version 12.00
# Visual Studio Version 17
VisualStudioVersion = 17.0.31903.59
MinimumVisualStudioVersion = 10.0.40219.1
Project("{FAE04EC0-301F-11D3-BF4B-00C04F79EFBC}") = "Domain", "Domain\Domain.csproj", "{00939FD7-E79E-4755-BDF8-C39F5C27A477}"
EndProject
Project("{FAE04EC0-301F-11D3-BF4B-00C04F79EFBC}") = "Infrastructure", "Infrastructure\Infrastructure.csproj", "{7CBD18D2-8B9A-4677-B55B-D20C9161F1E3}"
EndProject
Project("{FAE04EC0-301F-11D3-BF4B-00C04F79EFBC}") = "WebApp", "WebApp\WebApp.csproj", "{D7935BAF-ED7C-4BFD-84DE-AA695F6BE709}"
EndProject
Global
	GlobalSection(SolutionConfigurationPlatforms) = preSolution
		Debug|Any CPU = Debug|Any CPU
		Debug|x64 = Debug|x64
		Debug|x86 = Debug|x86
		Release|Any CPU = Release|Any CPU
		Release|x64 = Release|x64
		Release|x86 = Release|x86
	EndGlobalSection
	GlobalSection(ProjectConfigurationPlatforms) = postSolution
		{00939FD7-E79E-4755-BDF8-C39F5C27A477}.Debug|Any CPU.ActiveCfg = Debug|Any CPU
		{00939FD7-E79E-4755-BDF8-C39F5C27A477}.Debug|Any CPU.Build.0 = Debug|Any CPU
		{00939FD7-E79E-4755-BDF8-C39F5C27A477}.Debug|x64.ActiveCfg = Debug|Any CPU
		{00939FD7-E79E-4755-BDF8-C39F5C27A477}.Debug|x64.Build.0 = Debug|Any CPU
		{00939FD7-E79E-4755-BDF8-C39F5C27A477}.Debug|x86.ActiveCfg = Debug|Any CPU
		{00939FD7-E79E-4755-BDF8-C39F5C27A477}.Debug|x86.Build.0 = Debug|Any CPU
		{00939FD7-E79E-4755-BDF8-C39F5C27A477}.Release|Any CPU.ActiveCfg = Release|Any CPU
		{00939FD7-E79E-4755-BDF8-C39F5C27A477}.Release|Any CPU.Build.0 = Release|Any CPU
		{00939FD7-E79E-4755-BDF8-C39F5C27A477}.Release|x64.ActiveCfg = Release|Any CPU
		{00939FD7-E79E-4755-BDF8-C39F5C27A477}.Release|x64.Build.0 = Release|Any CPU
		{00939FD7-E79E-4755-BDF8-C39F5C27A477}.Release|x86.ActiveCfg = Release|Any CPU
		{00939FD7-E79E-4755-BDF8-C39F5C27A477}.Release|x86.Build.0 = Release|Any CPU
		{7CBD18D2-8B9A-4677-B55B-D20C9161F1E3}.Debug|Any CPU.ActiveCfg = Debug|Any CPU
		{7CBD18D2-8B9A-4677-B55B-D20C9161F1E3}.Debug|Any CPU.Build.0 = Debug|Any CPU
		{7CBD18D2-8B9A-4677-B55B-D20C9161F1E3}.Debug|x64.ActiveCfg = Debug|Any CPU
		{7CBD18D2-8B9A-4677-B55B-D20C9161F1E3}.Debug|x64.Build.0 = Debug|Any CPU
		{7CBD18D2-8B9A-4677-B55B-D20C9161F1E3}.Debug|x86.ActiveCfg = Debug|Any CPU
		{7CBD18D2-8B9A-4677-B55B-D20C9161F1E3}.Debug|x86.Build.0 = Debug|Any CPU
		{7CBD18D2-8B9A-4677-B55B-D20C9161F1E3}.Release|Any CPU.ActiveCfg = Release|Any CPU
		{7CBD18D2-8B9A-4677-B55B-D20C9161F1E3}.Release|Any CPU.Build.0 = Release|Any CPU
		{7CBD18D2-8B9A-4677-B55B-D20C9161F1E3}.Release|x64.ActiveCfg = Release|Any CPU
		{7CBD18D2-8B9A-4677-B55B-D20C9161F1E3}.Release|x64.Build.0 = Release|Any CPU
		{7CBD18D2-8B9A-4677-B55B-D20C9161F1E3}.Release|x86.ActiveCfg = Release|Any CPU
		{7CBD18D2-8B9A-4677-B55B-D20C9161F1E3}.Release|x86.Build.0 = Release|Any CPU
		{D7935BAF-ED7C-4BFD-84DE-AA695F6BE709}.Debug|Any CPU.ActiveCfg = Debug|Any CPU
		{D7935BAF-ED7C-4BFD-84DE-AA695F6BE709}.Debug|Any CPU.Build.0 = Debug|Any CPU
		{D7935BAF-ED7C-4BFD-84DE-AA695F6BE709}.Debug|x64.ActiveCfg = Debug|Any CPU
		{D7935BAF-ED7C-4BFD-84DE-AA695F6BE709}.Debug|x64.Build.0 = Debug|Any CPU
		{D7935BAF-ED7C-4BFD-84DE-AA695F6BE709}.Debug|x86.ActiveCfg = Debug|Any CPU
		{D7935BAF-ED7C-4BFD-84DE-AA695F6BE709}.Debug|x86.Build.0 = Debug|Any CPU
		{D7935BAF-ED7C-4BFD-84DE-AA695F6BE709}.Release|Any CPU.ActiveCfg = Release|Any CPU
		{D7935BAF-ED7C-4BFD-84DE-AA695F6BE709}.Release|Any CPU.Build.0 = Release|Any CPU
		{D7935BAF-ED7C-4BFD-84DE-AA695F6BE709}.Release|x64.ActiveCfg = Release|Any CPU
		{D7935BAF-ED7C-4BFD-84DE-AA695F6BE709}.Release|x64.Build.0 = Release|Any CPU
		{D7935BAF-ED7C-4BFD-84DE-AA695F6BE709}.Release|x86.ActiveCfg = Release|Any CPU
		{D7935BAF-ED7C-4BFD-84DE-AA695F6BE709}.Release|x86.Build.0 = Release|Any CPU
	EndGlobalSection
	GlobalSection(SolutionProperties) = preSolution
		HideSolutionNode = FALSE
	EndGlobalSection
EndGlobal
